<?xml version="1.0" encoding="utf-8"?>
<Project ToolsVersion="4.0" xmlns="http://schemas.microsoft.com/developer/msbuild/2003">
  <ItemGroup>
    <Filter Include="Fichiers sources">
      <UniqueIdentifier>{4FC737F1-C7A5-4376-A066-2A32D752A2FF}</UniqueIdentifier>
      <Extensions>cpp;c;cc;cxx;c++;cppm;ixx;def;odl;idl;hpj;bat;asm;asmx</Extensions>
    </Filter>
  </ItemGroup>
  <ItemGroup>
    <ClCompile Include="..\..\..\Desktop\zman emet\TARGILIM\Real-Time-System-master\APP77 Bonus.CPP" />
    <ClCompile Include="..\..\..\Desktop\zman emet\TARGILIM\Real-Time-System-master\APP77.CPP" />
    <ClCompile Include="..\..\..\Desktop\zman emet\TARGILIM\Real-Time-System-master\APP77_Simple.CPP" />
    <ClCompile Include="..\..\..\Desktop\zman emet\TARGILIM\Real-Time-System-master\EVENT77.CPP" />
    <ClCompile Include="..\..\..\Desktop\zman emet\TARGILIM\Real-Time-System-master\EXTERN77.CPP" />
    <ClCompile Include="..\..\..\Desktop\zman emet\TARGILIM\Real-Time-System-master\SchedAlgo77.CPP" />
    <ClCompile Include="..\..\..\Desktop\zman emet\TARGILIM\Real-Time-System-master\SMARTS77.CPP" />
  </ItemGroup>
  <ItemGroup>
    <Text Include="..\..\..\Desktop\zman emet\TARGILIM\Real-Time-System-master\LOG_WITH_INHERITENCE.TXT" />
    <Text Include="..\..\..\Desktop\zman emet\TARGILIM\Real-Time-System-master\LOG_WITH_RECURSIVE_INHERITENCE.TXT" />
    <Text Include="..\..\..\Desktop\zman emet\TARGILIM\Real-Time-System-master\LOG_WITHOUT_INHERITENCE.TXT" />
    <Text Include="..\..\..\Desktop\zman emet\TARGILIM\Real-Time-System-master\LOG_WITHOUT_RECURSIVE_INHERITENCE.TXT" />
    <Text Include="..\..\..\Desktop\zman emet\TARGILIM\Real-Time-System-master\LOG0.TXT" />
  </ItemGroup>
  <ItemGroup>
    <ClInclude Include="..\..\..\Desktop\zman emet\TARGILIM\Real-Time-System-master\SMARTS77.H" />
  </ItemGroup>
  <ItemGroup>
    <None Include="..\..\..\Desktop\zman emet\TARGILIM\Real-Time-System-master\.gitignore" />
  </ItemGroup>
</Project>